
Microsoft Visual Studio Solution File, Format Version 12.00
# Visual Studio Version 16
VisualStudioVersion = 16.0.32901.82
MinimumVisualStudioVersion = 10.0.40219.1
Project("{FAE04EC0-301F-11D3-BF4B-00C04F79EFBC}") = "BankingSystem", "BankingSystem\BankingSystem.csproj", "{FD9440AB-526A-4C6F-BD93-9B4AF2D96F02}"
EndProject
Project("{FAE04EC0-301F-11D3-BF4B-00C04F79EFBC}") = "BankingSystemTest", "BankingSystemTest\BankingSystemTest.csproj", "{ABAE03DD-0613-4606-9981-86F4CD49472E}"
EndProject
Global
	GlobalSection(SolutionConfigurationPlatforms) = preSolution
		Debug|Any CPU = Debug|Any CPU
		Release|Any CPU = Release|Any CPU
	EndGlobalSection
	GlobalSection(ProjectConfigurationPlatforms) = postSolution
		{FD9440AB-526A-4C6F-BD93-9B4AF2D96F02}.Debug|Any CPU.ActiveCfg = Debug|Any CPU
		{FD9440AB-526A-4C6F-BD93-9B4AF2D96F02}.Debug|Any CPU.Build.0 = Debug|Any CPU
		{FD9440AB-526A-4C6F-BD93-9B4AF2D96F02}.Release|Any CPU.ActiveCfg = Release|Any CPU
		{FD9440AB-526A-4C6F-BD93-9B4AF2D96F02}.Release|Any CPU.Build.0 = Release|Any CPU
		{ABAE03DD-0613-4606-9981-86F4CD49472E}.Debug|Any CPU.ActiveCfg = Debug|Any CPU
		{ABAE03DD-0613-4606-9981-86F4CD49472E}.Debug|Any CPU.Build.0 = Debug|Any CPU
		{ABAE03DD-0613-4606-9981-86F4CD49472E}.Release|Any CPU.ActiveCfg = Release|Any CPU
		{ABAE03DD-0613-4606-9981-86F4CD49472E}.Release|Any CPU.Build.0 = Release|Any CPU
	EndGlobalSection
	GlobalSection(SolutionProperties) = preSolution
		HideSolutionNode = FALSE
	EndGlobalSection
	GlobalSection(ExtensibilityGlobals) = postSolution
		SolutionGuid = {EB671D9A-425D-4FFF-A660-5D760C281A3A}
	EndGlobalSection
EndGlobal
